
Microsoft Visual Studio Solution File, Format Version 12.00
# Visual Studio Version 17
VisualStudioVersion = 17.14.36327.8 d17.14
MinimumVisualStudioVersion = 10.0.40219.1
Project("{FAE04EC0-301F-11D3-BF4B-00C04F79EFBC}") = "EXE AUTO UPDATER BY RED-X", "EXE AUTO UPDATER BY RED-X\EXE AUTO UPDATER BY RED-X.csproj", "{29545D7B-A4CE-4C87-A672-FAA8B9ED2262}"
EndProject
Global
	GlobalSection(SolutionConfigurationPlatforms) = preSolution
		Debug|Any CPU = Debug|Any CPU
		Release|Any CPU = Release|Any CPU
	EndGlobalSection
	GlobalSection(ProjectConfigurationPlatforms) = postSolution
		{29545D7B-A4CE-4C87-A672-FAA8B9ED2262}.Debug|Any CPU.ActiveCfg = Debug|Any CPU
		{29545D7B-A4CE-4C87-A672-FAA8B9ED2262}.Debug|Any CPU.Build.0 = Debug|Any CPU
		{29545D7B-A4CE-4C87-A672-FAA8B9ED2262}.Release|Any CPU.ActiveCfg = Release|Any CPU
		{29545D7B-A4CE-4C87-A672-FAA8B9ED2262}.Release|Any CPU.Build.0 = Release|Any CPU
	EndGlobalSection
	GlobalSection(SolutionProperties) = preSolution
		HideSolutionNode = FALSE
	EndGlobalSection
	GlobalSection(ExtensibilityGlobals) = postSolution
		SolutionGuid = {FA64AEF0-3142-4DC7-A7CA-918E560F6807}
	EndGlobalSection
EndGlobal
